// !$*UTF8*$!
{
	archiveVersion = 1;
	classes = {
	};
	objectVersion = 50;
	objects = {

/* Begin PBXBuildFile section */
		C043AB5521C13B2C007FD171 /* AppDelegate.swift in Sources */ = {isa = PBXBuildFile; fileRef = C043AB5421C13B2C007FD171 /* AppDelegate.swift */; };
		C043AB5721C13B2C007FD171 /* ViewController.swift in Sources */ = {isa = PBXBuildFile; fileRef = C043AB5621C13B2C007FD171 /* ViewController.swift */; };
		C043AB5921C13B2C007FD171 /* Assets.xcassets in Resources */ = {isa = PBXBuildFile; fileRef = C043AB5821C13B2C007FD171 /* Assets.xcassets */; };
		C043AB5C21C13B2C007FD171 /* Main.storyboard in Resources */ = {isa = PBXBuildFile; fileRef = C043AB5A21C13B2C007FD171 /* Main.storyboard */; };
		C043AB6821C13B2C007FD171 /* WebViewTests.swift in Sources */ = {isa = PBXBuildFile; fileRef = C043AB6721C13B2C007FD171 /* WebViewTests.swift */; };
		C043AB7321C13B2C007FD171 /* WebViewUITests.swift in Sources */ = {isa = PBXBuildFile; fileRef = C043AB7221C13B2C007FD171 /* WebViewUITests.swift */; };
		C0A41EEB234D5C6200272B2A /* WebKit.framework in Frameworks */ = {isa = PBXBuildFile; fileRef = C0A41EEA234D5C6200272B2A /* WebKit.framework */; };
/* End PBXBuildFile section */

/* Begin PBXContainerItemProxy section */
		C043AB6421C13B2C007FD171 /* PBXContainerItemProxy */ = {
			isa = PBXContainerItemProxy;
			containerPortal = C043AB4921C13B2C007FD171 /* Project object */;
			proxyType = 1;
			remoteGlobalIDString = C043AB5021C13B2C007FD171;
			remoteInfo = WebView;
		};
		C043AB6F21C13B2C007FD171 /* PBXContainerItemProxy */ = {
			isa = PBXContainerItemProxy;
			containerPortal = C043AB4921C13B2C007FD171 /* Project object */;
			proxyType = 1;
			remoteGlobalIDString = C043AB5021C13B2C007FD171;
			remoteInfo = WebView;
		};
/* End PBXContainerItemProxy section */

/* Begin PBXFileReference section */
		C043AB5121C13B2C007FD171 /* WebView.app */ = {isa = PBXFileReference; explicitFileType = wrapper.application; includeInIndex = 0; path = WebView.app; sourceTree = BUILT_PRODUCTS_DIR; };
		C043AB5421C13B2C007FD171 /* AppDelegate.swift */ = {isa = PBXFileReference; lastKnownFileType = sourcecode.swift; path = AppDelegate.swift; sourceTree = "<group>"; };
		C043AB5621C13B2C007FD171 /* ViewController.swift */ = {isa = PBXFileReference; lastKnownFileType = sourcecode.swift; path = ViewController.swift; sourceTree = "<group>"; };
		C043AB5821C13B2C007FD171 /* Assets.xcassets */ = {isa = PBXFileReference; lastKnownFileType = folder.assetcatalog; path = Assets.xcassets; sourceTree = "<group>"; };
		C043AB5B21C13B2C007FD171 /* Base */ = {isa = PBXFileReference; lastKnownFileType = file.storyboard; name = Base; path = Base.lproj/Main.storyboard; sourceTree = "<group>"; };
		C043AB5D21C13B2C007FD171 /* Info.plist */ = {isa = PBXFileReference; lastKnownFileType = text.plist.xml; path = Info.plist; sourceTree = "<group>"; };
		C043AB5E21C13B2C007FD171 /* WebView.entitlements */ = {isa = PBXFileReference; lastKnownFileType = text.plist.entitlements; path = WebView.entitlements; sourceTree = "<group>"; };
		C043AB6321C13B2C007FD171 /* WebViewTests.xctest */ = {isa = PBXFileReference; explicitFileType = wrapper.cfbundle; includeInIndex = 0; path = WebViewTests.xctest; sourceTree = BUILT_PRODUCTS_DIR; };
		C043AB6721C13B2C007FD171 /* WebViewTests.swift */ = {isa = PBXFileReference; lastKnownFileType = sourcecode.swift; path = WebViewTests.swift; sourceTree = "<group>"; };
		C043AB6921C13B2C007FD171 /* Info.plist */ = {isa = PBXFileReference; lastKnownFileType = text.plist.xml; path = Info.plist; sourceTree = "<group>"; };
		C043AB6E21C13B2C007FD171 /* WebViewUITests.xctest */ = {isa = PBXFileReference; explicitFileType = wrapper.cfbundle; includeInIndex = 0; path = WebViewUITests.xctest; sourceTree = BUILT_PRODUCTS_DIR; };
		C043AB7221C13B2C007FD171 /* WebViewUITests.swift */ = {isa = PBXFileReference; lastKnownFileType = sourcecode.swift; path = WebViewUITests.swift; sourceTree = "<group>"; };
		C043AB7421C13B2C007FD171 /* Info.plist */ = {isa = PBXFileReference; lastKnownFileType = text.plist.xml; path = Info.plist; sourceTree = "<group>"; };
		C0A41EEA234D5C6200272B2A /* WebKit.framework */ = {isa = PBXFileReference; lastKnownFileType = wrapper.framework; name = WebKit.framework; path = System/Library/Frameworks/WebKit.framework; sourceTree = SDKROOT; };
/* End PBXFileReference section */

/* Begin PBXFrameworksBuildPhase section */
		C043AB4E21C13B2C007FD171 /* Frameworks */ = {
			isa = PBXFrameworksBuildPhase;
			buildActionMask = 2147483647;
			files = (
				C0A41EEB234D5C6200272B2A /* WebKit.framework in Frameworks */,
			);
			runOnlyForDeploymentPostprocessing = 0;
		};
		C043AB6021C13B2C007FD171 /* Frameworks */ = {
			isa = PBXFrameworksBuildPhase;
			buildActionMask = 2147483647;
			files = (
			);
			runOnlyForDeploymentPostprocessing = 0;
		};
		C043AB6B21C13B2C007FD171 /* Frameworks */ = {
			isa = PBXFrameworksBuildPhase;
			buildActionMask = 2147483647;
			files = (
			);
			runOnlyForDeploymentPostprocessing = 0;
		};
/* End PBXFrameworksBuildPhase section */

/* Begin PBXGroup section */
		C043AB4821C13B2C007FD171 = {
			isa = PBXGroup;
			children = (
				C043AB5321C13B2C007FD171 /* WebView */,
				C043AB6621C13B2C007FD171 /* WebViewTests */,
				C043AB7121C13B2C007FD171 /* WebViewUITests */,
				C043AB5221C13B2C007FD171 /* Products */,
				C0A41EE9234D5C6200272B2A /* Frameworks */,
			);
			sourceTree = "<group>";
		};
		C043AB5221C13B2C007FD171 /* Products */ = {
			isa = PBXGroup;
			children = (
				C043AB5121C13B2C007FD171 /* WebView.app */,
				C043AB6321C13B2C007FD171 /* WebViewTests.xctest */,
				C043AB6E21C13B2C007FD171 /* WebViewUITests.xctest */,
			);
			name = Products;
			sourceTree = "<group>";
		};
		C043AB5321C13B2C007FD171 /* WebView */ = {
			isa = PBXGroup;
			children = (
				C043AB5421C13B2C007FD171 /* AppDelegate.swift */,
				C043AB5621C13B2C007FD171 /* ViewController.swift */,
				C043AB5821C13B2C007FD171 /* Assets.xcassets */,
				C043AB5A21C13B2C007FD171 /* Main.storyboard */,
				C043AB5D21C13B2C007FD171 /* Info.plist */,
				C043AB5E21C13B2C007FD171 /* WebView.entitlements */,
			);
			path = WebView;
			sourceTree = "<group>";
		};
		C043AB6621C13B2C007FD171 /* WebViewTests */ = {
			isa = PBXGroup;
			children = (
				C043AB6721C13B2C007FD171 /* WebViewTests.swift */,
				C043AB6921C13B2C007FD171 /* Info.plist */,
			);
			path = WebViewTests;
			sourceTree = "<group>";
		};
		C043AB7121C13B2C007FD171 /* WebViewUITests */ = {
			isa = PBXGroup;
			children = (
				C043AB7221C13B2C007FD171 /* WebViewUITests.swift */,
				C043AB7421C13B2C007FD171 /* Info.plist */,
			);
			path = WebViewUITests;
			sourceTree = "<group>";
		};
		C0A41EE9234D5C6200272B2A /* Frameworks */ = {
			isa = PBXGroup;
			children = (
				C0A41EEA234D5C6200272B2A /* WebKit.framework */,
			);
			name = Frameworks;
			sourceTree = "<group>";
		};
/* End PBXGroup section */

/* Begin PBXNativeTarget section */
		C043AB5021C13B2C007FD171 /* WebView */ = {
			isa = PBXNativeTarget;
			buildConfigurationList = C043AB7721C13B2C007FD171 /* Build configuration list for PBXNativeTarget "WebView" */;
			buildPhases = (
				C043AB4D21C13B2C007FD171 /* Sources */,
				C043AB4E21C13B2C007FD171 /* Frameworks */,
				C043AB4F21C13B2C007FD171 /* Resources */,
			);
			buildRules = (
			);
			dependencies = (
			);
			name = WebView;
			productName = WebView;
			productReference = C043AB5121C13B2C007FD171 /* WebView.app */;
			productType = "com.apple.product-type.application";
		};
		C043AB6221C13B2C007FD171 /* WebViewTests */ = {
			isa = PBXNativeTarget;
			buildConfigurationList = C043AB7A21C13B2C007FD171 /* Build configuration list for PBXNativeTarget "WebViewTests" */;
			buildPhases = (
				C043AB5F21C13B2C007FD171 /* Sources */,
				C043AB6021C13B2C007FD171 /* Frameworks */,
				C043AB6121C13B2C007FD171 /* Resources */,
			);
			buildRules = (
			);
			dependencies = (
				C043AB6521C13B2C007FD171 /* PBXTargetDependency */,
			);
			name = WebViewTests;
			productName = WebViewTests;
			productReference = C043AB6321C13B2C007FD171 /* WebViewTests.xctest */;
			productType = "com.apple.product-type.bundle.unit-test";
		};
		C043AB6D21C13B2C007FD171 /* WebViewUITests */ = {
			isa = PBXNativeTarget;
			buildConfigurationList = C043AB7D21C13B2C007FD171 /* Build configuration list for PBXNativeTarget "WebViewUITests" */;
			buildPhases = (
				C043AB6A21C13B2C007FD171 /* Sources */,
				C043AB6B21C13B2C007FD171 /* Frameworks */,
				C043AB6C21C13B2C007FD171 /* Resources */,
			);
			buildRules = (
			);
			dependencies = (
				C043AB7021C13B2C007FD171 /* PBXTargetDependency */,
			);
			name = WebViewUITests;
			productName = WebViewUITests;
			productReference = C043AB6E21C13B2C007FD171 /* WebViewUITests.xctest */;
			productType = "com.apple.product-type.bundle.ui-testing";
		};
/* End PBXNativeTarget section */

/* Begin PBXProject section */
		C043AB4921C13B2C007FD171 /* Project object */ = {
			isa = PBXProject;
			attributes = {
				LastSwiftUpdateCheck = 1010;
				LastUpgradeCheck = 1010;
				ORGANIZATIONNAME = "Kyle Parisi";
				TargetAttributes = {
					C043AB5021C13B2C007FD171 = {
						CreatedOnToolsVersion = 10.1;
						SystemCapabilities = {
							com.apple.Sandbox = {
								enabled = 1;
							};
						};
					};
					C043AB6221C13B2C007FD171 = {
						CreatedOnToolsVersion = 10.1;
						TestTargetID = C043AB5021C13B2C007FD171;
					};
					C043AB6D21C13B2C007FD171 = {
						CreatedOnToolsVersion = 10.1;
						TestTargetID = C043AB5021C13B2C007FD171;
					};
				};
			};
			buildConfigurationList = C043AB4C21C13B2C007FD171 /* Build configuration list for PBXProject "WebView" */;
			compatibilityVersion = "Xcode 9.3";
			developmentRegion = en;
			hasScannedForEncodings = 0;
			knownRegions = (
				en,
				Base,
			);
			mainGroup = C043AB4821C13B2C007FD171;
			productRefGroup = C043AB5221C13B2C007FD171 /* Products */;
			projectDirPath = "";
			projectRoot = "";
			targets = (
				C043AB5021C13B2C007FD171 /* WebView */,
				C043AB6221C13B2C007FD171 /* WebViewTests */,
				C043AB6D21C13B2C007FD171 /* WebViewUITests */,
			);
		};
/* End PBXProject section */

/* Begin PBXResourcesBuildPhase section */
		C043AB4F21C13B2C007FD171 /* Resources */ = {
			isa = PBXResourcesBuildPhase;
			buildActionMask = 2147483647;
			files = (
				C043AB5921C13B2C007FD171 /* Assets.xcassets in Resources */,
				C043AB5C21C13B2C007FD171 /* Main.storyboard in Resources */,
			);
			runOnlyForDeploymentPostprocessing = 0;
		};
		C043AB6121C13B2C007FD171 /* Resources */ = {
			isa = PBXResourcesBuildPhase;
			buildActionMask = 2147483647;
			files = (
			);
			runOnlyForDeploymentPostprocessing = 0;
		};
		C043AB6C21C13B2C007FD171 /* Resources */ = {
			isa = PBXResourcesBuildPhase;
			buildActionMask = 2147483647;
			files = (
			);
			runOnlyForDeploymentPostprocessing = 0;
		};
/* End PBXResourcesBuildPhase section */

/* Begin PBXSourcesBuildPhase section */
		C043AB4D21C13B2C007FD171 /* Sources */ = {
			isa = PBXSourcesBuildPhase;
			buildActionMask = 2147483647;
			files = (
				C043AB5721C13B2C007FD171 /* ViewController.swift in Sources */,
				C043AB5521C13B2C007FD171 /* AppDelegate.swift in Sources */,
			);
			runOnlyForDeploymentPostprocessing = 0;
		};
		C043AB5F21C13B2C007FD171 /* Sources */ = {
			isa = PBXSourcesBuildPhase;
			buildActionMask = 2147483647;
			files = (
				C043AB6821C13B2C007FD171 /* WebViewTests.swift in Sources */,
			);
			runOnlyForDeploymentPostprocessing = 0;
		};
		C043AB6A21C13B2C007FD171 /* Sources */ = {
			isa = PBXSourcesBuildPhase;
			buildActionMask = 2147483647;
			files = (
				C043AB7321C13B2C007FD171 /* WebViewUITests.swift in Sources */,
			);
			runOnlyForDeploymentPostprocessing = 0;
		};
/* End PBXSourcesBuildPhase section */

/* Begin PBXTargetDependency section */
		C043AB6521C13B2C007FD171 /* PBXTargetDependency */ = {
			isa = PBXTargetDependency;
			target = C043AB5021C13B2C007FD171 /* WebView */;
			targetProxy = C043AB6421C13B2C007FD171 /* PBXContainerItemProxy */;
		};
		C043AB7021C13B2C007FD171 /* PBXTargetDependency */ = {
			isa = PBXTargetDependency;
			target = C043AB5021C13B2C007FD171 /* WebView */;
			targetProxy = C043AB6F21C13B2C007FD171 /* PBXContainerItemProxy */;
		};
/* End PBXTargetDependency section */

/* Begin PBXVariantGroup section */
		C043AB5A21C13B2C007FD171 /* Main.storyboard */ = {
			isa = PBXVariantGroup;
			children = (
				C043AB5B21C13B2C007FD171 /* Base */,
			);
			name = Main.storyboard;
			sourceTree = "<group>";
		};
/* End PBXVariantGroup section */

/* Begin XCBuildConfiguration section */
		C043AB7521C13B2C007FD171 /* Debug */ = {
			isa = XCBuildConfiguration;
			buildSettings = {
				ALWAYS_SEARCH_USER_PATHS = NO;
				CLANG_ANALYZER_NONNULL = YES;
				CLANG_ANALYZER_NUMBER_OBJECT_CONVERSION = YES_AGGRESSIVE;
				CLANG_CXX_LANGUAGE_STANDARD = "gnu++14";
				CLANG_CXX_LIBRARY = "libc++";
				CLANG_ENABLE_MODULES = YES;
				CLANG_ENABLE_OBJC_ARC = YES;
				CLANG_ENABLE_OBJC_WEAK = YES;
				CLANG_WARN_BLOCK_CAPTURE_AUTORELEASING = YES;
				CLANG_WARN_BOOL_CONVERSION = YES;
				CLANG_WARN_COMMA = YES;
				CLANG_WARN_CONSTANT_CONVERSION = YES;
				CLANG_WARN_DEPRECATED_OBJC_IMPLEMENTATIONS = YES;
				CLANG_WARN_DIRECT_OBJC_ISA_USAGE = YES_ERROR;
				CLANG_WARN_DOCUMENTATION_COMMENTS = YES;
				CLANG_WARN_EMPTY_BODY = YES;
				CLANG_WARN_ENUM_CONVERSION = YES;
				CLANG_WARN_INFINITE_RECURSION = YES;
				CLANG_WARN_INT_CONVERSION = YES;
				CLANG_WARN_NON_LITERAL_NULL_CONVERSION = YES;
				CLANG_WARN_OBJC_IMPLICIT_RETAIN_SELF = YES;
				CLANG_WARN_OBJC_LITERAL_CONVERSION = YES;
				CLANG_WARN_OBJC_ROOT_CLASS = YES_ERROR;
				CLANG_WARN_RANGE_LOOP_ANALYSIS = YES;
				CLANG_WARN_STRICT_PROTOTYPES = YES;
				CLANG_WARN_SUSPICIOUS_MOVE = YES;
				CLANG_WARN_UNGUARDED_AVAILABILITY = YES_AGGRESSIVE;
				CLANG_WARN_UNREACHABLE_CODE = YES;
				CLANG_WARN__DUPLICATE_METHOD_MATCH = YES;
				CODE_SIGN_IDENTITY = "Mac Developer";
				COPY_PHASE_STRIP = NO;
				DEBUG_INFORMATION_FORMAT = dwarf;
				ENABLE_STRICT_OBJC_MSGSEND = YES;
				ENABLE_TESTABILITY = YES;
				GCC_C_LANGUAGE_STANDARD = gnu11;
				GCC_DYNAMIC_NO_PIC = NO;
				GCC_NO_COMMON_BLOCKS = YES;
				GCC_OPTIMIZATION_LEVEL = 0;
				GCC_PREPROCESSOR_DEFINITIONS = (
					"DEBUG=1",
					"$(inherited)",
				);
				GCC_WARN_64_TO_32_BIT_CONVERSION = YES;
				GCC_WARN_ABOUT_RETURN_TYPE = YES_ERROR;
				GCC_WARN_UNDECLARED_SELECTOR = YES;
				GCC_WARN_UNINITIALIZED_AUTOS = YES_AGGRESSIVE;
				GCC_WARN_UNUSED_FUNCTION = YES;
				GCC_WARN_UNUSED_VARIABLE = YES;
				MACOSX_DEPLOYMENT_TARGET = 10.14;
				MTL_ENABLE_DEBUG_INFO = INCLUDE_SOURCE;
				MTL_FAST_MATH = YES;
				ONLY_ACTIVE_ARCH = YES;
				SDKROOT = macosx;
				SWIFT_ACTIVE_COMPILATION_CONDITIONS = DEBUG;
				SWIFT_OPTIMIZATION_LEVEL = "-Onone";
			};
			name = Debug;
		};
		C043AB7621C13B2C007FD171 /* Release */ = {
			isa = XCBuildConfiguration;
			buildSettings = {
				ALWAYS_SEARCH_USER_PATHS = NO;
				CLANG_ANALYZER_NONNULL = YES;
				CLANG_ANALYZER_NUMBER_OBJECT_CONVERSION = YES_AGGRESSIVE;
				CLANG_CXX_LANGUAGE_STANDARD = "gnu++14";
				CLANG_CXX_LIBRARY = "libc++";
				CLANG_ENABLE_MODULES = YES;
				CLANG_ENABLE_OBJC_ARC = YES;
				CLANG_ENABLE_OBJC_WEAK = YES;
				CLANG_WARN_BLOCK_CAPTURE_AUTORELEASING = YES;
				CLANG_WARN_BOOL_CONVERSION = YES;
				CLANG_WARN_COMMA = YES;
				CLANG_WARN_CONSTANT_CONVERSION = YES;
				CLANG_WARN_DEPRECATED_OBJC_IMPLEMENTATIONS = YES;
				CLANG_WARN_DIRECT_OBJC_ISA_USAGE = YES_ERROR;
				CLANG_WARN_DOCUMENTATION_COMMENTS = YES;
				CLANG_WARN_EMPTY_BODY = YES;
				CLANG_WARN_ENUM_CONVERSION = YES;
				CLANG_WARN_INFINITE_RECURSION = YES;
				CLANG_WARN_INT_CONVERSION = YES;
				CLANG_WARN_NON_LITERAL_NULL_CONVERSION = YES;
				CLANG_WARN_OBJC_IMPLICIT_RETAIN_SELF = YES;
				CLANG_WARN_OBJC_LITERAL_CONVERSION = YES;
				CLANG_WARN_OBJC_ROOT_CLASS = YES_ERROR;
				CLANG_WARN_RANGE_LOOP_ANALYSIS = YES;
				CLANG_WARN_STRICT_PROTOTYPES = YES;
				CLANG_WARN_SUSPICIOUS_MOVE = YES;
				CLANG_WARN_UNGUARDED_AVAILABILITY = YES_AGGRESSIVE;
				CLANG_WARN_UNREACHABLE_CODE = YES;
				CLANG_WARN__DUPLICATE_METHOD_MATCH = YES;
				CODE_SIGN_IDENTITY = "Mac Developer";
				COPY_PHASE_STRIP = NO;
				DEBUG_INFORMATION_FORMAT = "dwarf-with-dsym";
				ENABLE_NS_ASSERTIONS = NO;
				ENABLE_STRICT_OBJC_MSGSEND = YES;
				GCC_C_LANGUAGE_STANDARD = gnu11;
				GCC_NO_COMMON_BLOCKS = YES;
				GCC_WARN_64_TO_32_BIT_CONVERSION = YES;
				GCC_WARN_ABOUT_RETURN_TYPE = YES_ERROR;
				GCC_WARN_UNDECLARED_SELECTOR = YES;
				GCC_WARN_UNINITIALIZED_AUTOS = YES_AGGRESSIVE;
				GCC_WARN_UNUSED_FUNCTION = YES;
				GCC_WARN_UNUSED_VARIABLE = YES;
				MACOSX_DEPLOYMENT_TARGET = 10.14;
				MTL_ENABLE_DEBUG_INFO = NO;
				MTL_FAST_MATH = YES;
				SDKROOT = macosx;
				SWIFT_COMPILATION_MODE = wholemodule;
				SWIFT_OPTIMIZATION_LEVEL = "-O";
			};
			name = Release;
		};
		C043AB7821C13B2C007FD171 /* Debug */ = {
			isa = XCBuildConfiguration;
			buildSettings = {
				ASSETCATALOG_COMPILER_APPICON_NAME = AppIcon;
				CODE_SIGN_ENTITLEMENTS = WebView/WebView.entitlements;
				CODE_SIGN_STYLE = Automatic;
				COMBINE_HIDPI_IMAGES = YES;
				DEVELOPMENT_TEAM = 63GMD6U4J2;
				INFOPLIST_FILE = WebView/Info.plist;
				LD_RUNPATH_SEARCH_PATHS = (
					"$(inherited)",
					"@executable_path/../Frameworks",
				);
				PRODUCT_BUNDLE_IDENTIFIER = io.te0.WebView;
				PRODUCT_NAME = "$(TARGET_NAME)";
				SWIFT_VERSION = 4.2;
			};
			name = Debug;
		};
		C043AB7921C13B2C007FD171 /* Release */ = {
			isa = XCBuildConfiguration;
			buildSettings = {
				ASSETCATALOG_COMPILER_APPICON_NAME = AppIcon;
				CODE_SIGN_ENTITLEMENTS = WebView/WebView.entitlements;
				CODE_SIGN_STYLE = Automatic;
				COMBINE_HIDPI_IMAGES = YES;
				DEVELOPMENT_TEAM = 63GMD6U4J2;
				INFOPLIST_FILE = WebView/Info.plist;
				LD_RUNPATH_SEARCH_PATHS = (
					"$(inherited)",
					"@executable_path/../Frameworks",
				);
				PRODUCT_BUNDLE_IDENTIFIER = io.te0.WebView;
				PRODUCT_NAME = "$(TARGET_NAME)";
				SWIFT_VERSION = 4.2;
			};
			name = Release;
		};
		C043AB7B21C13B2C007FD171 /* Debug */ = {
			isa = XCBuildConfiguration;
			buildSettings = {
				ALWAYS_EMBED_SWIFT_STANDARD_LIBRARIES = YES;
				BUNDLE_LOADER = "$(TEST_HOST)";
				CODE_SIGN_STYLE = Automatic;
				COMBINE_HIDPI_IMAGES = YES;
				DEVELOPMENT_TEAM = 63GMD6U4J2;
				INFOPLIST_FILE = WebViewTests/Info.plist;
				LD_RUNPATH_SEARCH_PATHS = (
					"$(inherited)",
					"@executable_path/../Frameworks",
					"@loader_path/../Frameworks",
				);
				PRODUCT_BUNDLE_IDENTIFIER = io.te0.WebViewTests;
				PRODUCT_NAME = "$(TARGET_NAME)";
				SWIFT_VERSION = 4.2;
				TEST_HOST = "$(BUILT_PRODUCTS_DIR)/WebView.app/Contents/MacOS/WebView";
			};
			name = Debug;
		};
		C043AB7C21C13B2C007FD171 /* Release */ = {
			isa = XCBuildConfiguration;
			buildSettings = {
				ALWAYS_EMBED_SWIFT_STANDARD_LIBRARIES = YES;
				BUNDLE_LOADER = "$(TEST_HOST)";
				CODE_SIGN_STYLE = Automatic;
				COMBINE_HIDPI_IMAGES = YES;
				DEVELOPMENT_TEAM = 63GMD6U4J2;
				INFOPLIST_FILE = WebViewTests/Info.plist;
				LD_RUNPATH_SEARCH_PATHS = (
					"$(inherited)",
					"@executable_path/../Frameworks",
					"@loader_path/../Frameworks",
				);
				PRODUCT_BUNDLE_IDENTIFIER = io.te0.WebViewTests;
				PRODUCT_NAME = "$(TARGET_NAME)";
				SWIFT_VERSION = 4.2;
				TEST_HOST = "$(BUILT_PRODUCTS_DIR)/WebView.app/Contents/MacOS/WebView";
			};
			name = Release;
		};
		C043AB7E21C13B2C007FD171 /* Debug */ = {
			isa = XCBuildConfiguration;
			buildSettings = {
				ALWAYS_EMBED_SWIFT_STANDARD_LIBRARIES = YES;
				CODE_SIGN_STYLE = Automatic;
				COMBINE_HIDPI_IMAGES = YES;
				DEVELOPMENT_TEAM = 63GMD6U4J2;
				INFOPLIST_FILE = WebViewUITests/Info.plist;
				LD_RUNPATH_SEARCH_PATHS = (
					"$(inherited)",
					"@executable_path/../Frameworks",
					"@loader_path/../Frameworks",
				);
				PRODUCT_BUNDLE_IDENTIFIER = io.te0.WebViewUITests;
				PRODUCT_NAME = "$(TARGET_NAME)";
				SWIFT_VERSION = 4.2;
				TEST_TARGET_NAME = WebView;
			};
			name = Debug;
		};
		C043AB7F21C13B2C007FD171 /* Release */ = {
			isa = XCBuildConfiguration;
			buildSettings = {
				ALWAYS_EMBED_SWIFT_STANDARD_LIBRARIES = YES;
				CODE_SIGN_STYLE = Automatic;
				COMBINE_HIDPI_IMAGES = YES;
				DEVELOPMENT_TEAM = 63GMD6U4J2;
				INFOPLIST_FILE = WebViewUITests/Info.plist;
				LD_RUNPATH_SEARCH_PATHS = (
					"$(inherited)",
					"@executable_path/../Frameworks",
					"@loader_path/../Frameworks",
				);
				PRODUCT_BUNDLE_IDENTIFIER = io.te0.WebViewUITests;
				PRODUCT_NAME = "$(TARGET_NAME)";
				SWIFT_VERSION = 4.2;
				TEST_TARGET_NAME = WebView;
			};
			name = Release;
		};
/* End XCBuildConfiguration section */

/* Begin XCConfigurationList section */
		C043AB4C21C13B2C007FD171 /* Build configuration list for PBXProject "WebView" */ = {
			isa = XCConfigurationList;
			buildConfigurations = (
				C043AB7521C13B2C007FD171 /* Debug */,
				C043AB7621C13B2C007FD171 /* Release */,
			);
			defaultConfigurationIsVisible = 0;
			defaultConfigurationName = Release;
		};
		C043AB7721C13B2C007FD171 /* Build configuration list for PBXNativeTarget "WebView" */ = {
			isa = XCConfigurationList;
			buildConfigurations = (
				C043AB7821C13B2C007FD171 /* Debug */,
				C043AB7921C13B2C007FD171 /* Release */,
			);
			defaultConfigurationIsVisible = 0;
			defaultConfigurationName = Release;
		};
		C043AB7A21C13B2C007FD171 /* Build configuration list for PBXNativeTarget "WebViewTests" */ = {
			isa = XCConfigurationList;
			buildConfigurations = (
				C043AB7B21C13B2C007FD171 /* Debug */,
				C043AB7C21C13B2C007FD171 /* Release */,
			);
			defaultConfigurationIsVisible = 0;
			defaultConfigurationName = Release;
		};
		C043AB7D21C13B2C007FD171 /* Build configuration list for PBXNativeTarget "WebViewUITests" */ = {
			isa = XCConfigurationList;
			buildConfigurations = (
				C043AB7E21C13B2C007FD171 /* Debug */,
				C043AB7F21C13B2C007FD171 /* Release */,
			);
			defaultConfigurationIsVisible = 0;
			defaultConfigurationName = Release;
		};
/* End XCConfigurationList section */
	};
	rootObject = C043AB4921C13B2C007FD171 /* Project object */;
}
